
Microsoft Visual Studio Solution File, Format Version 12.00
# Visual Studio Version 16
VisualStudioVersion = 16.0.30406.217
MinimumVisualStudioVersion = 10.0.40219.1
Project("{9A19103F-16F7-4668-BE54-9A1E7A4F7556}") = "Ardaans", "Ardaans\Ardaans.csproj", "{D8CC1FFE-D828-4211-9C88-009FA7C0EF66}"
EndProject
Project("{FAE04EC0-301F-11D3-BF4B-00C04F79EFBC}") = "AsmTests", "AsmTests\AsmTests.csproj", "{14DC0692-B594-4391-9EE6-E82DB076E792}"
EndProject
Global
	GlobalSection(SolutionConfigurationPlatforms) = preSolution
		Debug|Any CPU = Debug|Any CPU
		Release|Any CPU = Release|Any CPU
	EndGlobalSection
	GlobalSection(ProjectConfigurationPlatforms) = postSolution
		{D8CC1FFE-D828-4211-9C88-009FA7C0EF66}.Debug|Any CPU.ActiveCfg = Debug|Any CPU
		{D8CC1FFE-D828-4211-9C88-009FA7C0EF66}.Debug|Any CPU.Build.0 = Debug|Any CPU
		{D8CC1FFE-D828-4211-9C88-009FA7C0EF66}.Release|Any CPU.ActiveCfg = Release|Any CPU
		{D8CC1FFE-D828-4211-9C88-009FA7C0EF66}.Release|Any CPU.Build.0 = Release|Any CPU
		{14DC0692-B594-4391-9EE6-E82DB076E792}.Debug|Any CPU.ActiveCfg = Debug|Any CPU
		{14DC0692-B594-4391-9EE6-E82DB076E792}.Debug|Any CPU.Build.0 = Debug|Any CPU
		{14DC0692-B594-4391-9EE6-E82DB076E792}.Release|Any CPU.ActiveCfg = Release|Any CPU
		{14DC0692-B594-4391-9EE6-E82DB076E792}.Release|Any CPU.Build.0 = Release|Any CPU
	EndGlobalSection
	GlobalSection(SolutionProperties) = preSolution
		HideSolutionNode = FALSE
	EndGlobalSection
	GlobalSection(ExtensibilityGlobals) = postSolution
		SolutionGuid = {4F8138EB-5012-43A8-BCD6-75AAEDFDA4CF}
	EndGlobalSection
EndGlobal
